PODS:
  - Bolts (1.1.4)
  - DACircularProgress (2.2.0)
  - Facebook-iOS-SDK (3.23.1):
    - Bolts (~> 1.0)
  - Masonry (0.6.1)
  - MBProgressHUD (0.9.1)
  - MWPhotoBrowser (1.4.1):
    - DACircularProgress
    - MBProgressHUD (~> 0.8)
    - PSTCollectionView (~> 1.2)
    - SDWebImage (~> 3.7)
  - MZAppearance (1.1.3)
  - MZFormSheetController (3.0.2):
    - MZAppearance (~> 1.1.3)
    - MZFormSheetController/Core (= 3.0.2)
  - MZFormSheetController/Core (3.0.2):
    - MZAppearance (~> 1.1.3)
  - Parse (1.7.2):
    - Bolts (~> 1.1)
  - ParseCrashReporting (1.7.2):
    - Bolts (~> 1.1)
    - Parse (~> 1.7.2)
  - ParseFacebookUtils (1.7.2):
    - Bolts (~> 1.1)
    - Facebook-iOS-SDK (~> 3.23)
    - Parse (~> 1.7.2)
  - ParseUI (1.1.3):
    - Parse (~> 1.7)
  - PSTCollectionView (1.2.3)
  - REFormattedNumberField (1.1.5)
  - REFrostedViewController (2.4.7)
  - RETableViewManager (1.5.14):
    - REFormattedNumberField (~> 1.1.5)
    - REValidation (~> 0.1.4)
  - REValidation (0.1.4)
  - SDWebImage (3.7.2):
    - SDWebImage/Core (= 3.7.2)
  - SDWebImage/Core (3.7.2)
  - SKTagView (0.2):
    - Masonry
  - UAAppReviewManager (0.2.6)

DEPENDENCIES:
  - Facebook-iOS-SDK
  - MBProgressHUD (~> 0.9.1)
  - MWPhotoBrowser
  - MZFormSheetController
  - Parse
  - ParseCrashReporting
  - ParseFacebookUtils
  - ParseUI
  - REFrostedViewController (~> 2.4.2)
  - RETableViewManager (~> 1.5.14)
  - SKTagView
  - UAAppReviewManager (~> 0.2.1)

SPEC CHECKSUMS:
  Bolts: f8e2f94edbf9fec7bb8de5ecaaa3aa6b7de6f64e
  DACircularProgress: 0f92b77239d5f3c612fc66185e2998391ac8e054
  Facebook-iOS-SDK: d5a50d5ac6b1da948fd98c18dd8beeae854f2b3e
  Masonry: 4972309f2f134de9dd312f4dc4a21359b50e6caa
  MBProgressHUD: c47f2c166c126cf2ce36498d80f33e754d4e93ad
  MWPhotoBrowser: 2531e682860d62b8a7ba8659de02eb9040e431e5
  MZAppearance: c2937318234fd782e900fb178942278881ac5490
  MZFormSheetController: 0cfda6f341a7c6d9054d596efad735a9fc0e7a1b
  Parse: e1959adb9fe2fcd4736dac20b3ac691d47a4f06c
  ParseCrashReporting: 794a166ff1ce4d7c671ffb7fd86f381b806bddb7
  ParseFacebookUtils: 26f436ad7da9fc39acb4784c01cfcef0ea3a9709
  ParseUI: 1a68e9cebc3bd458eed9605ce7b33d7cc082f473
  PSTCollectionView: 6749df92885353521f55279a7ce2b293762e2be4
  REFormattedNumberField: be3d55dd709f65541fb26b7e1709da07903147f8
  REFrostedViewController: 0adda479a71c0e603faa801282994bee23362504
  RETableViewManager: 317f43f31c0a5818c6257cb7544167819a8ae170
  REValidation: 38c4de1be58455f8b00aab208ac80db316a66b7f
  SDWebImage: 71b7cdc1d1721d6a82ed62889030225f2c249e29
  SKTagView: 9e3d624e911f43d6c19054bfbfcac05568330358
  UAAppReviewManager: 334bdb0085c3f80c7b696f33edc53667eda548e6

COCOAPODS: 0.35.0
