PODS:
  - Masonry (0.6.1)
  - REFormattedNumberField (1.1.5)
  - REFrostedViewController (2.4.7)
  - RETableViewManager (1.5.14):
    - REFormattedNumberField (~> 1.1.5)
    - REValidation (~> 0.1.4)
  - REValidation (0.1.4)
  - SKTagView (0.2):
    - Masonry
  - UAAppReviewManager (0.2.6)

DEPENDENCIES:
  - REFrostedViewController (~> 2.4.2)
  - RETableViewManager (~> 1.5.14)
  - SKTagView
  - UAAppReviewManager (~> 0.2.1)

SPEC CHECKSUMS:
  Masonry: 2cb49fd14d203d2db5ca6bb017135b235dde9980
  REFormattedNumberField: 86318c549b60130a6d7a05abebb142f08f671319
  REFrostedViewController: 08870a24788191339608b80b2bd4fce549858f0d
  RETableViewManager: 62cab967dd2d24545283cf4751e94c222268533a
  REValidation: a0033a582415848854e875dfcbe69c107de19f81
  SKTagView: cceb704dc8cbc131217cbdfe9397c359c8403046
  UAAppReviewManager: f23428de9c9cd242c2ffd899e218ba3620bd0683

COCOAPODS: 0.35.0
